
Microsoft Visual Studio Solution File, Format Version 12.00
# Visual Studio Version 17
VisualStudioVersion = 17.13.35931.197 d17.13
MinimumVisualStudioVersion = 10.0.40219.1
Project("{FAE04EC0-301F-11D3-BF4B-00C04F79EFBC}") = "ASPMVCRepositoryDemo", "ASPMVCRepositoryDemo\ASPMVCRepositoryDemo.csproj", "{C925432D-CC19-4E70-8419-A94C02CF4A17}"
EndProject
Global
	GlobalSection(SolutionConfigurationPlatforms) = preSolution
		Debug|Any CPU = Debug|Any CPU
		Release|Any CPU = Release|Any CPU
	EndGlobalSection
	GlobalSection(ProjectConfigurationPlatforms) = postSolution
		{C925432D-CC19-4E70-8419-A94C02CF4A17}.Debug|Any CPU.ActiveCfg = Debug|Any CPU
		{C925432D-CC19-4E70-8419-A94C02CF4A17}.Debug|Any CPU.Build.0 = Debug|Any CPU
		{C925432D-CC19-4E70-8419-A94C02CF4A17}.Release|Any CPU.ActiveCfg = Release|Any CPU
		{C925432D-CC19-4E70-8419-A94C02CF4A17}.Release|Any CPU.Build.0 = Release|Any CPU
	EndGlobalSection
	GlobalSection(SolutionProperties) = preSolution
		HideSolutionNode = FALSE
	EndGlobalSection
	GlobalSection(ExtensibilityGlobals) = postSolution
		SolutionGuid = {7220D7B2-02E0-4345-A8CA-76801863A926}
	EndGlobalSection
EndGlobal
